// !$*UTF8*$!
{
	archiveVersion = 1;
	classes = {
	};
	objectVersion = 56;
	objects = {

/* Begin PBXBuildFile section */
		7019350A2BC9858900ECDA51 /* PopupView in Frameworks */ = {isa = PBXBuildFile; productRef = 701935092BC9858900ECDA51 /* PopupView */; };
		7044D7532BCED7A700136FD6 /* HomeView.swift in Sources */ = {isa = PBXBuildFile; fileRef = 7044D7522BCED7A700136FD6 /* HomeView.swift */; };
		705D07512BCA626E00AD5F22 /* ScoreModel.swift in Sources */ = {isa = PBXBuildFile; fileRef = 705D07502BCA626E00AD5F22 /* ScoreModel.swift */; };
		70614BAA2BC123460053DDAE /* ColorExt.swift in Sources */ = {isa = PBXBuildFile; fileRef = 70614BA92BC123460053DDAE /* ColorExt.swift */; };
		707E90942BD3906C00190753 /* Launch Screen.storyboard in Resources */ = {isa = PBXBuildFile; fileRef = 707E90932BD3906C00190753 /* Launch Screen.storyboard */; };
		709379A32BD24081004990BD /* ChessboardView.swift in Sources */ = {isa = PBXBuildFile; fileRef = 709379A22BD24081004990BD /* ChessboardView.swift */; };
		709379A52BD240A3004990BD /* ChessPiece.swift in Sources */ = {isa = PBXBuildFile; fileRef = 709379A42BD240A3004990BD /* ChessPiece.swift */; };
		709379A92BD240FF004990BD /* MovesTrainingHome.swift in Sources */ = {isa = PBXBuildFile; fileRef = 709379A82BD240FF004990BD /* MovesTrainingHome.swift */; };
		7095AB7C2BCC08AA003532CD /* ColorsTrainingView.swift in Sources */ = {isa = PBXBuildFile; fileRef = 7095AB7B2BCC08AA003532CD /* ColorsTrainingView.swift */; };
		7095AB7E2BCC08D9003532CD /* SimpleBoardView.swift in Sources */ = {isa = PBXBuildFile; fileRef = 7095AB7D2BCC08D9003532CD /* SimpleBoardView.swift */; };
		7095AB802BCC10DB003532CD /* GameIteration.swift in Sources */ = {isa = PBXBuildFile; fileRef = 7095AB7F2BCC10DB003532CD /* GameIteration.swift */; };
		70ACA3722BC280CC0052713E /* BoardViewWithControls.swift in Sources */ = {isa = PBXBuildFile; fileRef = 70ACA3712BC280CC0052713E /* BoardViewWithControls.swift */; };
		70ACA3742BC280F00052713E /* Square.swift in Sources */ = {isa = PBXBuildFile; fileRef = 70ACA3732BC280F00052713E /* Square.swift */; };
		70ACA3762BC28B5E0052713E /* CoordinateTrainingView.swift in Sources */ = {isa = PBXBuildFile; fileRef = 70ACA3752BC28B5E0052713E /* CoordinateTrainingView.swift */; };
		70B871DC2BCA916A00D4D0ED /* ScoreViewModel.swift in Sources */ = {isa = PBXBuildFile; fileRef = 70B871DB2BCA916A00D4D0ED /* ScoreViewModel.swift */; };
		70B871DE2BCAAC8300D4D0ED /* BoardOptions.swift in Sources */ = {isa = PBXBuildFile; fileRef = 70B871DD2BCAAC8300D4D0ED /* BoardOptions.swift */; };
		70C731322BC11AB6000FB2F9 /* boardbrainApp.swift in Sources */ = {isa = PBXBuildFile; fileRef = 70C731312BC11AB6000FB2F9 /* boardbrainApp.swift */; };
		70C731382BC11AB9000FB2F9 /* Assets.xcassets in Resources */ = {isa = PBXBuildFile; fileRef = 70C731372BC11AB9000FB2F9 /* Assets.xcassets */; };
		70C7313B2BC11AB9000FB2F9 /* Preview Assets.xcassets in Resources */ = {isa = PBXBuildFile; fileRef = 70C7313A2BC11AB9000FB2F9 /* Preview Assets.xcassets */; };
		70C731422BC11D5D000FB2F9 /* BoardView.swift in Sources */ = {isa = PBXBuildFile; fileRef = 70C731412BC11D5D000FB2F9 /* BoardView.swift */; };
		70FD21722BC6BA5E00F6D513 /* Styles.swift in Sources */ = {isa = PBXBuildFile; fileRef = 70FD21712BC6BA5E00F6D513 /* Styles.swift */; };
/* End PBXBuildFile section */

/* Begin PBXFileReference section */
		7044D7522BCED7A700136FD6 /* HomeView.swift */ = {isa = PBXFileReference; lastKnownFileType = sourcecode.swift; path = HomeView.swift; sourceTree = "<group>"; };
		705D07502BCA626E00AD5F22 /* ScoreModel.swift */ = {isa = PBXFileReference; lastKnownFileType = sourcecode.swift; path = ScoreModel.swift; sourceTree = "<group>"; };
		70614BA92BC123460053DDAE /* ColorExt.swift */ = {isa = PBXFileReference; lastKnownFileType = sourcecode.swift; path = ColorExt.swift; sourceTree = "<group>"; };
		707E90932BD3906C00190753 /* Launch Screen.storyboard */ = {isa = PBXFileReference; lastKnownFileType = file.storyboard; path = "Launch Screen.storyboard"; sourceTree = "<group>"; };
		709379A22BD24081004990BD /* ChessboardView.swift */ = {isa = PBXFileReference; lastKnownFileType = sourcecode.swift; path = ChessboardView.swift; sourceTree = "<group>"; };
		709379A42BD240A3004990BD /* ChessPiece.swift */ = {isa = PBXFileReference; lastKnownFileType = sourcecode.swift; path = ChessPiece.swift; sourceTree = "<group>"; };
		709379A82BD240FF004990BD /* MovesTrainingHome.swift */ = {isa = PBXFileReference; lastKnownFileType = sourcecode.swift; path = MovesTrainingHome.swift; sourceTree = "<group>"; };
		7095AB7B2BCC08AA003532CD /* ColorsTrainingView.swift */ = {isa = PBXFileReference; lastKnownFileType = sourcecode.swift; path = ColorsTrainingView.swift; sourceTree = "<group>"; };
		7095AB7D2BCC08D9003532CD /* SimpleBoardView.swift */ = {isa = PBXFileReference; lastKnownFileType = sourcecode.swift; path = SimpleBoardView.swift; sourceTree = "<group>"; };
		7095AB7F2BCC10DB003532CD /* GameIteration.swift */ = {isa = PBXFileReference; lastKnownFileType = sourcecode.swift; path = GameIteration.swift; sourceTree = "<group>"; };
		70ACA3712BC280CC0052713E /* BoardViewWithControls.swift */ = {isa = PBXFileReference; lastKnownFileType = sourcecode.swift; path = BoardViewWithControls.swift; sourceTree = "<group>"; };
		70ACA3732BC280F00052713E /* Square.swift */ = {isa = PBXFileReference; lastKnownFileType = sourcecode.swift; path = Square.swift; sourceTree = "<group>"; };
		70ACA3752BC28B5E0052713E /* CoordinateTrainingView.swift */ = {isa = PBXFileReference; lastKnownFileType = sourcecode.swift; path = CoordinateTrainingView.swift; sourceTree = "<group>"; };
		70B871DB2BCA916A00D4D0ED /* ScoreViewModel.swift */ = {isa = PBXFileReference; lastKnownFileType = sourcecode.swift; path = ScoreViewModel.swift; sourceTree = "<group>"; };
		70B871DD2BCAAC8300D4D0ED /* BoardOptions.swift */ = {isa = PBXFileReference; lastKnownFileType = sourcecode.swift; path = BoardOptions.swift; sourceTree = "<group>"; };
		70BED1D12BD3809100D5755F /* Info.plist */ = {isa = PBXFileReference; lastKnownFileType = text.plist; path = Info.plist; sourceTree = "<group>"; };
		70C7312E2BC11AB6000FB2F9 /* boardbrain.app */ = {isa = PBXFileReference; explicitFileType = wrapper.application; includeInIndex = 0; path = boardbrain.app; sourceTree = BUILT_PRODUCTS_DIR; };
		70C731312BC11AB6000FB2F9 /* boardbrainApp.swift */ = {isa = PBXFileReference; lastKnownFileType = sourcecode.swift; path = boardbrainApp.swift; sourceTree = "<group>"; };
		70C731372BC11AB9000FB2F9 /* Assets.xcassets */ = {isa = PBXFileReference; lastKnownFileType = folder.assetcatalog; path = Assets.xcassets; sourceTree = "<group>"; };
		70C7313A2BC11AB9000FB2F9 /* Preview Assets.xcassets */ = {isa = PBXFileReference; lastKnownFileType = folder.assetcatalog; path = "Preview Assets.xcassets"; sourceTree = "<group>"; };
		70C731412BC11D5D000FB2F9 /* BoardView.swift */ = {isa = PBXFileReference; lastKnownFileType = sourcecode.swift; path = BoardView.swift; sourceTree = "<group>"; };
		70FD21712BC6BA5E00F6D513 /* Styles.swift */ = {isa = PBXFileReference; lastKnownFileType = sourcecode.swift; path = Styles.swift; sourceTree = "<group>"; };
/* End PBXFileReference section */

/* Begin PBXFrameworksBuildPhase section */
		70C7312B2BC11AB6000FB2F9 /* Frameworks */ = {
			isa = PBXFrameworksBuildPhase;
			buildActionMask = 2147483647;
			files = (
				7019350A2BC9858900ECDA51 /* PopupView in Frameworks */,
			);
			runOnlyForDeploymentPostprocessing = 0;
		};
/* End PBXFrameworksBuildPhase section */

/* Begin PBXGroup section */
		70614BA62BC1230E0053DDAE /* Extension */ = {
			isa = PBXGroup;
			children = (
				70614BA92BC123460053DDAE /* ColorExt.swift */,
			);
			path = Extension;
			sourceTree = "<group>";
		};
		7093799E2BD23BCA004990BD /* CoordinatesTraining */ = {
			isa = PBXGroup;
			children = (
				70B871DD2BCAAC8300D4D0ED /* BoardOptions.swift */,
				70C731412BC11D5D000FB2F9 /* BoardView.swift */,
				70ACA3712BC280CC0052713E /* BoardViewWithControls.swift */,
				70ACA3752BC28B5E0052713E /* CoordinateTrainingView.swift */,
				70B871DB2BCA916A00D4D0ED /* ScoreViewModel.swift */,
				705D07502BCA626E00AD5F22 /* ScoreModel.swift */,
			);
			path = CoordinatesTraining;
			sourceTree = "<group>";
		};
		7093799F2BD23BE7004990BD /* ColorsTraining */ = {
			isa = PBXGroup;
			children = (
				7095AB7B2BCC08AA003532CD /* ColorsTrainingView.swift */,
				7095AB7D2BCC08D9003532CD /* SimpleBoardView.swift */,
			);
			path = ColorsTraining;
			sourceTree = "<group>";
		};
		709379A02BD23C52004990BD /* Common */ = {
			isa = PBXGroup;
			children = (
				7095AB7F2BCC10DB003532CD /* GameIteration.swift */,
				70FD21712BC6BA5E00F6D513 /* Styles.swift */,
				70ACA3732BC280F00052713E /* Square.swift */,
			);
			path = Common;
			sourceTree = "<group>";
		};
		709379A12BD23CAE004990BD /* MovesTraining */ = {
			isa = PBXGroup;
			children = (
				709379A22BD24081004990BD /* ChessboardView.swift */,
				709379A42BD240A3004990BD /* ChessPiece.swift */,
				709379A82BD240FF004990BD /* MovesTrainingHome.swift */,
			);
			path = MovesTraining;
			sourceTree = "<group>";
		};
		70C731252BC11AB6000FB2F9 = {
			isa = PBXGroup;
			children = (
				707E90932BD3906C00190753 /* Launch Screen.storyboard */,
				70C731302BC11AB6000FB2F9 /* boardbrain */,
				70C7312F2BC11AB6000FB2F9 /* Products */,
			);
			sourceTree = "<group>";
		};
		70C7312F2BC11AB6000FB2F9 /* Products */ = {
			isa = PBXGroup;
			children = (
				70C7312E2BC11AB6000FB2F9 /* boardbrain.app */,
			);
			name = Products;
			sourceTree = "<group>";
		};
		70C731302BC11AB6000FB2F9 /* boardbrain */ = {
			isa = PBXGroup;
			children = (
				70BED1D12BD3809100D5755F /* Info.plist */,
				7093799E2BD23BCA004990BD /* CoordinatesTraining */,
				709379A12BD23CAE004990BD /* MovesTraining */,
				709379A02BD23C52004990BD /* Common */,
				7093799F2BD23BE7004990BD /* ColorsTraining */,
				70614BA62BC1230E0053DDAE /* Extension */,
				70C731312BC11AB6000FB2F9 /* boardbrainApp.swift */,
				7044D7522BCED7A700136FD6 /* HomeView.swift */,
				70C731372BC11AB9000FB2F9 /* Assets.xcassets */,
				70C731392BC11AB9000FB2F9 /* Preview Content */,
			);
			path = boardbrain;
			sourceTree = "<group>";
		};
		70C731392BC11AB9000FB2F9 /* Preview Content */ = {
			isa = PBXGroup;
			children = (
				70C7313A2BC11AB9000FB2F9 /* Preview Assets.xcassets */,
			);
			path = "Preview Content";
			sourceTree = "<group>";
		};
/* End PBXGroup section */

/* Begin PBXNativeTarget section */
		70C7312D2BC11AB6000FB2F9 /* boardbrain */ = {
			isa = PBXNativeTarget;
			buildConfigurationList = 70C7313E2BC11AB9000FB2F9 /* Build configuration list for PBXNativeTarget "boardbrain" */;
			buildPhases = (
				70C7312A2BC11AB6000FB2F9 /* Sources */,
				70C7312B2BC11AB6000FB2F9 /* Frameworks */,
				70C7312C2BC11AB6000FB2F9 /* Resources */,
			);
			buildRules = (
			);
			dependencies = (
			);
			name = boardbrain;
			packageProductDependencies = (
				701935092BC9858900ECDA51 /* PopupView */,
			);
			productName = boardbrain;
			productReference = 70C7312E2BC11AB6000FB2F9 /* boardbrain.app */;
			productType = "com.apple.product-type.application";
		};
/* End PBXNativeTarget section */

/* Begin PBXProject section */
		70C731262BC11AB6000FB2F9 /* Project object */ = {
			isa = PBXProject;
			attributes = {
				BuildIndependentTargetsInParallel = 1;
				LastSwiftUpdateCheck = 1530;
				LastUpgradeCheck = 1530;
				TargetAttributes = {
					70C7312D2BC11AB6000FB2F9 = {
						CreatedOnToolsVersion = 15.3;
					};
				};
			};
			buildConfigurationList = 70C731292BC11AB6000FB2F9 /* Build configuration list for PBXProject "boardbrain" */;
			compatibilityVersion = "Xcode 14.0";
			developmentRegion = en;
			hasScannedForEncodings = 0;
			knownRegions = (
				en,
				Base,
			);
			mainGroup = 70C731252BC11AB6000FB2F9;
			packageReferences = (
				701935082BC9858900ECDA51 /* XCRemoteSwiftPackageReference "PopupView" */,
			);
			productRefGroup = 70C7312F2BC11AB6000FB2F9 /* Products */;
			projectDirPath = "";
			projectRoot = "";
			targets = (
				70C7312D2BC11AB6000FB2F9 /* boardbrain */,
			);
		};
/* End PBXProject section */

/* Begin PBXResourcesBuildPhase section */
		70C7312C2BC11AB6000FB2F9 /* Resources */ = {
			isa = PBXResourcesBuildPhase;
			buildActionMask = 2147483647;
			files = (
				707E90942BD3906C00190753 /* Launch Screen.storyboard in Resources */,
				70C7313B2BC11AB9000FB2F9 /* Preview Assets.xcassets in Resources */,
				70C731382BC11AB9000FB2F9 /* Assets.xcassets in Resources */,
			);
			runOnlyForDeploymentPostprocessing = 0;
		};
/* End PBXResourcesBuildPhase section */

/* Begin PBXSourcesBuildPhase section */
		70C7312A2BC11AB6000FB2F9 /* Sources */ = {
			isa = PBXSourcesBuildPhase;
			buildActionMask = 2147483647;
			files = (
				705D07512BCA626E00AD5F22 /* ScoreModel.swift in Sources */,
				709379A92BD240FF004990BD /* MovesTrainingHome.swift in Sources */,
				7044D7532BCED7A700136FD6 /* HomeView.swift in Sources */,
				7095AB802BCC10DB003532CD /* GameIteration.swift in Sources */,
				7095AB7E2BCC08D9003532CD /* SimpleBoardView.swift in Sources */,
				709379A32BD24081004990BD /* ChessboardView.swift in Sources */,
				7095AB7C2BCC08AA003532CD /* ColorsTrainingView.swift in Sources */,
				70614BAA2BC123460053DDAE /* ColorExt.swift in Sources */,
				709379A52BD240A3004990BD /* ChessPiece.swift in Sources */,
				70FD21722BC6BA5E00F6D513 /* Styles.swift in Sources */,
				70ACA3742BC280F00052713E /* Square.swift in Sources */,
				70ACA3762BC28B5E0052713E /* CoordinateTrainingView.swift in Sources */,
				70C731422BC11D5D000FB2F9 /* BoardView.swift in Sources */,
				70B871DC2BCA916A00D4D0ED /* ScoreViewModel.swift in Sources */,
				70B871DE2BCAAC8300D4D0ED /* BoardOptions.swift in Sources */,
				70ACA3722BC280CC0052713E /* BoardViewWithControls.swift in Sources */,
				70C731322BC11AB6000FB2F9 /* boardbrainApp.swift in Sources */,
			);
			runOnlyForDeploymentPostprocessing = 0;
		};
/* End PBXSourcesBuildPhase section */

/* Begin XCBuildConfiguration section */
		70C7313C2BC11AB9000FB2F9 /* Debug */ = {
			isa = XCBuildConfiguration;
			buildSettings = {
				ALWAYS_SEARCH_USER_PATHS = NO;
				ASSETCATALOG_COMPILER_GENERATE_SWIFT_ASSET_SYMBOL_EXTENSIONS = YES;
				CLANG_ANALYZER_NONNULL = YES;
				CLANG_ANALYZER_NUMBER_OBJECT_CONVERSION = YES_AGGRESSIVE;
				CLANG_CXX_LANGUAGE_STANDARD = "gnu++20";
				CLANG_ENABLE_MODULES = YES;
				CLANG_ENABLE_OBJC_ARC = YES;
				CLANG_ENABLE_OBJC_WEAK = YES;
				CLANG_WARN_BLOCK_CAPTURE_AUTORELEASING = YES;
				CLANG_WARN_BOOL_CONVERSION = YES;
				CLANG_WARN_COMMA = YES;
				CLANG_WARN_CONSTANT_CONVERSION = YES;
				CLANG_WARN_DEPRECATED_OBJC_IMPLEMENTATIONS = YES;
				CLANG_WARN_DIRECT_OBJC_ISA_USAGE = YES_ERROR;
				CLANG_WARN_DOCUMENTATION_COMMENTS = YES;
				CLANG_WARN_EMPTY_BODY = YES;
				CLANG_WARN_ENUM_CONVERSION = YES;
				CLANG_WARN_INFINITE_RECURSION = YES;
				CLANG_WARN_INT_CONVERSION = YES;
				CLANG_WARN_NON_LITERAL_NULL_CONVERSION = YES;
				CLANG_WARN_OBJC_IMPLICIT_RETAIN_SELF = YES;
				CLANG_WARN_OBJC_LITERAL_CONVERSION = YES;
				CLANG_WARN_OBJC_ROOT_CLASS = YES_ERROR;
				CLANG_WARN_QUOTED_INCLUDE_IN_FRAMEWORK_HEADER = YES;
				CLANG_WARN_RANGE_LOOP_ANALYSIS = YES;
				CLANG_WARN_STRICT_PROTOTYPES = YES;
				CLANG_WARN_SUSPICIOUS_MOVE = YES;
				CLANG_WARN_UNGUARDED_AVAILABILITY = YES_AGGRESSIVE;
				CLANG_WARN_UNREACHABLE_CODE = YES;
				CLANG_WARN__DUPLICATE_METHOD_MATCH = YES;
				COPY_PHASE_STRIP = NO;
				DEBUG_INFORMATION_FORMAT = dwarf;
				ENABLE_STRICT_OBJC_MSGSEND = YES;
				ENABLE_TESTABILITY = YES;
				ENABLE_USER_SCRIPT_SANDBOXING = YES;
				GCC_C_LANGUAGE_STANDARD = gnu17;
				GCC_DYNAMIC_NO_PIC = NO;
				GCC_NO_COMMON_BLOCKS = YES;
				GCC_OPTIMIZATION_LEVEL = 0;
				GCC_PREPROCESSOR_DEFINITIONS = (
					"DEBUG=1",
					"$(inherited)",
				);
				GCC_WARN_64_TO_32_BIT_CONVERSION = YES;
				GCC_WARN_ABOUT_RETURN_TYPE = YES_ERROR;
				GCC_WARN_UNDECLARED_SELECTOR = YES;
				GCC_WARN_UNINITIALIZED_AUTOS = YES_AGGRESSIVE;
				GCC_WARN_UNUSED_FUNCTION = YES;
				GCC_WARN_UNUSED_VARIABLE = YES;
				IPHONEOS_DEPLOYMENT_TARGET = 17.4;
				LOCALIZATION_PREFERS_STRING_CATALOGS = YES;
				MTL_ENABLE_DEBUG_INFO = INCLUDE_SOURCE;
				MTL_FAST_MATH = YES;
				ONLY_ACTIVE_ARCH = YES;
				SDKROOT = iphoneos;
				SWIFT_ACTIVE_COMPILATION_CONDITIONS = "DEBUG $(inherited)";
				SWIFT_OPTIMIZATION_LEVEL = "-Onone";
			};
			name = Debug;
		};
		70C7313D2BC11AB9000FB2F9 /* Release */ = {
			isa = XCBuildConfiguration;
			buildSettings = {
				ALWAYS_SEARCH_USER_PATHS = NO;
				ASSETCATALOG_COMPILER_GENERATE_SWIFT_ASSET_SYMBOL_EXTENSIONS = YES;
				CLANG_ANALYZER_NONNULL = YES;
				CLANG_ANALYZER_NUMBER_OBJECT_CONVERSION = YES_AGGRESSIVE;
				CLANG_CXX_LANGUAGE_STANDARD = "gnu++20";
				CLANG_ENABLE_MODULES = YES;
				CLANG_ENABLE_OBJC_ARC = YES;
				CLANG_ENABLE_OBJC_WEAK = YES;
				CLANG_WARN_BLOCK_CAPTURE_AUTORELEASING = YES;
				CLANG_WARN_BOOL_CONVERSION = YES;
				CLANG_WARN_COMMA = YES;
				CLANG_WARN_CONSTANT_CONVERSION = YES;
				CLANG_WARN_DEPRECATED_OBJC_IMPLEMENTATIONS = YES;
				CLANG_WARN_DIRECT_OBJC_ISA_USAGE = YES_ERROR;
				CLANG_WARN_DOCUMENTATION_COMMENTS = YES;
				CLANG_WARN_EMPTY_BODY = YES;
				CLANG_WARN_ENUM_CONVERSION = YES;
				CLANG_WARN_INFINITE_RECURSION = YES;
				CLANG_WARN_INT_CONVERSION = YES;
				CLANG_WARN_NON_LITERAL_NULL_CONVERSION = YES;
				CLANG_WARN_OBJC_IMPLICIT_RETAIN_SELF = YES;
				CLANG_WARN_OBJC_LITERAL_CONVERSION = YES;
				CLANG_WARN_OBJC_ROOT_CLASS = YES_ERROR;
				CLANG_WARN_QUOTED_INCLUDE_IN_FRAMEWORK_HEADER = YES;
				CLANG_WARN_RANGE_LOOP_ANALYSIS = YES;
				CLANG_WARN_STRICT_PROTOTYPES = YES;
				CLANG_WARN_SUSPICIOUS_MOVE = YES;
				CLANG_WARN_UNGUARDED_AVAILABILITY = YES_AGGRESSIVE;
				CLANG_WARN_UNREACHABLE_CODE = YES;
				CLANG_WARN__DUPLICATE_METHOD_MATCH = YES;
				COPY_PHASE_STRIP = NO;
				DEBUG_INFORMATION_FORMAT = "dwarf-with-dsym";
				ENABLE_NS_ASSERTIONS = NO;
				ENABLE_STRICT_OBJC_MSGSEND = YES;
				ENABLE_USER_SCRIPT_SANDBOXING = YES;
				GCC_C_LANGUAGE_STANDARD = gnu17;
				GCC_NO_COMMON_BLOCKS = YES;
				GCC_WARN_64_TO_32_BIT_CONVERSION = YES;
				GCC_WARN_ABOUT_RETURN_TYPE = YES_ERROR;
				GCC_WARN_UNDECLARED_SELECTOR = YES;
				GCC_WARN_UNINITIALIZED_AUTOS = YES_AGGRESSIVE;
				GCC_WARN_UNUSED_FUNCTION = YES;
				GCC_WARN_UNUSED_VARIABLE = YES;
				IPHONEOS_DEPLOYMENT_TARGET = 17.4;
				LOCALIZATION_PREFERS_STRING_CATALOGS = YES;
				MTL_ENABLE_DEBUG_INFO = NO;
				MTL_FAST_MATH = YES;
				SDKROOT = iphoneos;
				SWIFT_COMPILATION_MODE = wholemodule;
				VALIDATE_PRODUCT = YES;
			};
			name = Release;
		};
		70C7313F2BC11AB9000FB2F9 /* Debug */ = {
			isa = XCBuildConfiguration;
			buildSettings = {
				ASSETCATALOG_COMPILER_APPICON_NAME = AppIcon;
				ASSETCATALOG_COMPILER_GLOBAL_ACCENT_COLOR_NAME = AccentColor;
				CODE_SIGN_STYLE = Automatic;
				CURRENT_PROJECT_VERSION = 1;
				DEVELOPMENT_ASSET_PATHS = "\"boardbrain/Preview Content\"";
				DEVELOPMENT_TEAM = G6KL98HCPY;
				ENABLE_PREVIEWS = YES;
				GENERATE_INFOPLIST_FILE = YES;
				INFOPLIST_FILE = boardbrain/Info.plist;
				INFOPLIST_KEY_UIApplicationSceneManifest_Generation = YES;
				INFOPLIST_KEY_UIApplicationSupportsIndirectInputEvents = YES;
				INFOPLIST_KEY_UILaunchStoryboardName = "Launch Screen.storyboard";
				INFOPLIST_KEY_UISupportedInterfaceOrientations_iPad = "UIInterfaceOrientationPortrait UIInterfaceOrientationPortraitUpsideDown UIInterfaceOrientationLandscapeLeft UIInterfaceOrientationLandscapeRight";
				INFOPLIST_KEY_UISupportedInterfaceOrientations_iPhone = "UIInterfaceOrientationPortrait UIInterfaceOrientationLandscapeLeft UIInterfaceOrientationLandscapeRight";
				IPHONEOS_DEPLOYMENT_TARGET = 17.3;
				LD_RUNPATH_SEARCH_PATHS = (
					"$(inherited)",
					"@executable_path/Frameworks",
				);
				MARKETING_VERSION = 1.0;
				PRODUCT_BUNDLE_IDENTIFIER = in.selvarajan.boardbrain;
				PRODUCT_NAME = "$(TARGET_NAME)";
				SUPPORTED_PLATFORMS = "iphoneos iphonesimulator";
				SUPPORTS_MACCATALYST = NO;
				SUPPORTS_MAC_DESIGNED_FOR_IPHONE_IPAD = NO;
				SUPPORTS_XR_DESIGNED_FOR_IPHONE_IPAD = NO;
				SWIFT_EMIT_LOC_STRINGS = YES;
				SWIFT_VERSION = 5.0;
				TARGETED_DEVICE_FAMILY = 1;
			};
			name = Debug;
		};
		70C731402BC11AB9000FB2F9 /* Release */ = {
			isa = XCBuildConfiguration;
			buildSettings = {
				ASSETCATALOG_COMPILER_APPICON_NAME = AppIcon;
				ASSETCATALOG_COMPILER_GLOBAL_ACCENT_COLOR_NAME = AccentColor;
				CODE_SIGN_STYLE = Automatic;
				CURRENT_PROJECT_VERSION = 1;
				DEVELOPMENT_ASSET_PATHS = "\"boardbrain/Preview Content\"";
				DEVELOPMENT_TEAM = G6KL98HCPY;
				ENABLE_PREVIEWS = YES;
				GENERATE_INFOPLIST_FILE = YES;
				INFOPLIST_FILE = boardbrain/Info.plist;
				INFOPLIST_KEY_UIApplicationSceneManifest_Generation = YES;
				INFOPLIST_KEY_UIApplicationSupportsIndirectInputEvents = YES;
				INFOPLIST_KEY_UILaunchStoryboardName = "Launch Screen.storyboard";
				INFOPLIST_KEY_UISupportedInterfaceOrientations_iPad = "UIInterfaceOrientationPortrait UIInterfaceOrientationPortraitUpsideDown UIInterfaceOrientationLandscapeLeft UIInterfaceOrientationLandscapeRight";
				INFOPLIST_KEY_UISupportedInterfaceOrientations_iPhone = "UIInterfaceOrientationPortrait UIInterfaceOrientationLandscapeLeft UIInterfaceOrientationLandscapeRight";
				IPHONEOS_DEPLOYMENT_TARGET = 17.3;
				LD_RUNPATH_SEARCH_PATHS = (
					"$(inherited)",
					"@executable_path/Frameworks",
				);
				MARKETING_VERSION = 1.0;
				PRODUCT_BUNDLE_IDENTIFIER = in.selvarajan.boardbrain;
				PRODUCT_NAME = "$(TARGET_NAME)";
				SUPPORTED_PLATFORMS = "iphoneos iphonesimulator";
				SUPPORTS_MACCATALYST = NO;
				SUPPORTS_MAC_DESIGNED_FOR_IPHONE_IPAD = NO;
				SUPPORTS_XR_DESIGNED_FOR_IPHONE_IPAD = NO;
				SWIFT_EMIT_LOC_STRINGS = YES;
				SWIFT_VERSION = 5.0;
				TARGETED_DEVICE_FAMILY = 1;
			};
			name = Release;
		};
/* End XCBuildConfiguration section */

/* Begin XCConfigurationList section */
		70C731292BC11AB6000FB2F9 /* Build configuration list for PBXProject "boardbrain" */ = {
			isa = XCConfigurationList;
			buildConfigurations = (
				70C7313C2BC11AB9000FB2F9 /* Debug */,
				70C7313D2BC11AB9000FB2F9 /* Release */,
			);
			defaultConfigurationIsVisible = 0;
			defaultConfigurationName = Release;
		};
		70C7313E2BC11AB9000FB2F9 /* Build configuration list for PBXNativeTarget "boardbrain" */ = {
			isa = XCConfigurationList;
			buildConfigurations = (
				70C7313F2BC11AB9000FB2F9 /* Debug */,
				70C731402BC11AB9000FB2F9 /* Release */,
			);
			defaultConfigurationIsVisible = 0;
			defaultConfigurationName = Release;
		};
/* End XCConfigurationList section */

/* Begin XCRemoteSwiftPackageReference section */
		701935082BC9858900ECDA51 /* XCRemoteSwiftPackageReference "PopupView" */ = {
			isa = XCRemoteSwiftPackageReference;
			repositoryURL = "https://github.com/exyte/PopupView.git";
			requirement = {
				kind = upToNextMajorVersion;
				minimumVersion = 2.9.1;
			};
		};
/* End XCRemoteSwiftPackageReference section */

/* Begin XCSwiftPackageProductDependency section */
		701935092BC9858900ECDA51 /* PopupView */ = {
			isa = XCSwiftPackageProductDependency;
			package = 701935082BC9858900ECDA51 /* XCRemoteSwiftPackageReference "PopupView" */;
			productName = PopupView;
		};
/* End XCSwiftPackageProductDependency section */
	};
	rootObject = 70C731262BC11AB6000FB2F9 /* Project object */;
}
