{
  "originHash" : "dc927740f6a5de85ba40b9a4d44dd6702d79fd20f156adcb7789391149d7f24f",
  "pins" : [
    {
      "identity" : "confettiswiftui",
      "kind" : "remoteSourceControl",
      "location" : "https://github.com/simibac/ConfettiSwiftUI",
      "state" : {
        "revision" : "f45961f97bbae6fff6e2e64546fea0189425ad92",
        "version" : "1.1.0"
      }
    },
    {
      "identity" : "popupview",
      "kind" : "remoteSourceControl",
      "location" : "https://github.com/exyte/PopupView.git",
      "state" : {
        "revision" : "8c85ff09d474dd3cfb69aba33046395bcf365573",
        "version" : "2.9.1"
      }
    },
    {
      "identity" : "swiftsdk",
      "kind" : "remoteSourceControl",
      "location" : "https://github.com/TelemetryDeck/SwiftSDK",
      "state" : {
        "revision" : "9ec0f0c01b94acfe14d6745ab63c53ffbe1d2670",
        "version" : "2.2.1"
      }
    },
    {
      "identity" : "swiftui-introspect",
      "kind" : "remoteSourceControl",
      "location" : "https://github.com/siteline/swiftui-introspect",
      "state" : {
        "revision" : "0cd2a5a5895306bc21d54a2254302d24a9a571e4",
        "version" : "1.1.3"
      }
    }
  ],
  "version" : 3
}
